{
  "lockfile_version": "1",
  "packages": {
    "github:NixOS/nixpkgs/nixpkgs-unstable": {
      "last_modified": "2026-08-20T07:12:19Z",
      "resolved": "github:NixOS/nixpkgs/391b592eb44808b3bd0cb80bb71b63a5a118b8bb?lastModified=1787209939&narHash=sha256-WvvHR4kSQLAbtouMC%2FruZ5UpLwlUcY3K4FAllMN%2ByGk%3D"
    },
    "python@3.12": {
      "last_modified": "2026-08-14T06:48:10Z",
      "plugin_version": "0.0.5",
      "resolved": "github:NixOS/nixpkgs/f2b17eb1b90f6a359082035b4538d4c63017aec3#python312",
      "source": "devbox-search",
      "version": "3.12.14",
      "systems": {
        "aarch64-darwin": {
          "outputs": [
            {
              "name": "out",
              "path": "/nix/store/5pfmiyh5lgmrmpw97xvhkrayazl79l2z-python3-3.12.14",
              "default": true
            }
          ],
          "store_path": "/nix/store/5pfmiyh5lgmrmpw97xvhkrayazl79l2z-python3-3.12.14"
        },
        "aarch64-linux": {
          "outputs": [
            {
              "name": "out",
              "path": "/nix/store/zzr9c5dpaxngvg1nyvpw46gvxcbi6azq-python3-3.12.14",
              "default": true
            },
            {
              "name": "debug",
              "path": "/nix/store/32bw7vilykl2p73s404zkk4236yvb2wp-python3-3.12.14-debug"
            }
          ],
          "store_path": "/nix/store/zzr9c5dpaxngvg1nyvpw46gvxcbi6azq-python3-3.12.14"
        },
        "x86_64-linux": {
          "outputs": [
            {
              "name": "out",
              "path": "/nix/store/sgr5qv39ji4gddv37jw1iw069gqxa0x2-python3-3.12.14",
              "default": true
            },
            {
              "name": "debug",
              "path": "/nix/store/czy41r3wpmx58r67z4ln93ivv76qr7iz-python3-3.12.14-debug"
            }
          ],
          "store_path": "/nix/store/sgr5qv39ji4gddv37jw1iw069gqxa0x2-python3-3.12.14"
        }
      }
    },
    "uv@latest": {
      "last_modified": "2026-08-12T11:28:58Z",
      "resolved": "github:NixOS/nixpkgs/044bfe75bfe4c7bbe043dc17b5e42ea823b84a09#uv",
      "source": "devbox-search",
      "version": "0.12.3",
      "systems": {
        "aarch64-darwin": {
          "outputs": [
            {
              "name": "out",
              "path": "/nix/store/w6r4ykaxgl0jmrqmqlw5kwsx07ja6lxh-uv-0.12.3",
              "default": true
            }
          ],
          "store_path": "/nix/store/w6r4ykaxgl0jmrqmqlw5kwsx07ja6lxh-uv-0.12.3"
        },
        "aarch64-linux": {
          "outputs": [
            {
              "name": "out",
              "path": "/nix/store/6x7f8wy41ykhxifqh01qcjzadsc34qwr-uv-0.12.3",
              "default": true
            }
          ],
          "store_path": "/nix/store/6x7f8wy41ykhxifqh01qcjzadsc34qwr-uv-0.12.3"
        },
        "x86_64-linux": {
          "outputs": [
            {
              "name": "out",
              "path": "/nix/store/qhm6hxj4whqi9cv5bl0f5sq1xfgj3bvw-uv-0.12.3",
              "default": true
            }
          ],
          "store_path": "/nix/store/qhm6hxj4whqi9cv5bl0f5sq1xfgj3bvw-uv-0.12.3"
        }
      }
    }
  }
}
